
Microsoft Visual Studio Solution File, Format Version 12.00
# Visual Studio Version 16
VisualStudioVersion = 16.0.32630.194
MinimumVisualStudioVersion = 10.0.40219.1
Project("{FAE04EC0-301F-11D3-BF4B-00C04F79EFBC}") = "task", "task\task.csproj", "{F32F94BF-7AC4-49BE-AEFB-2BA154BFAFA0}"
EndProject
Global
	GlobalSection(SolutionConfigurationPlatforms) = preSolution
		Debug|Any CPU = Debug|Any CPU
		Release|Any CPU = Release|Any CPU
	EndGlobalSection
	GlobalSection(ProjectConfigurationPlatforms) = postSolution
		{F32F94BF-7AC4-49BE-AEFB-2BA154BFAFA0}.Debug|Any CPU.ActiveCfg = Debug|Any CPU
		{F32F94BF-7AC4-49BE-AEFB-2BA154BFAFA0}.Debug|Any CPU.Build.0 = Debug|Any CPU
		{F32F94BF-7AC4-49BE-AEFB-2BA154BFAFA0}.Release|Any CPU.ActiveCfg = Release|Any CPU
		{F32F94BF-7AC4-49BE-AEFB-2BA154BFAFA0}.Release|Any CPU.Build.0 = Release|Any CPU
	EndGlobalSection
	GlobalSection(SolutionProperties) = preSolution
		HideSolutionNode = FALSE
	EndGlobalSection
	GlobalSection(ExtensibilityGlobals) = postSolution
		SolutionGuid = {709C6058-D276-49B6-A596-9F2455A42DB2}
	EndGlobalSection
EndGlobal
